
Microsoft Visual Studio Solution File, Format Version 12.00
# Visual Studio Version 16
VisualStudioVersion = 16.0.31624.102
MinimumVisualStudioVersion = 10.0.40219.1
Project("{FAE04EC0-301F-11D3-BF4B-00C04F79EFBC}") = "Lab4", "Lab4.csproj", "{EE2A2825-2C94-4173-A669-2A88E5BE7BBD}"
EndProject
Global
	GlobalSection(SolutionConfigurationPlatforms) = preSolution
		Debug|Any CPU = Debug|Any CPU
		Release|Any CPU = Release|Any CPU
	EndGlobalSection
	GlobalSection(ProjectConfigurationPlatforms) = postSolution
		{EE2A2825-2C94-4173-A669-2A88E5BE7BBD}.Debug|Any CPU.ActiveCfg = Debug|Any CPU
		{EE2A2825-2C94-4173-A669-2A88E5BE7BBD}.Debug|Any CPU.Build.0 = Debug|Any CPU
		{EE2A2825-2C94-4173-A669-2A88E5BE7BBD}.Release|Any CPU.ActiveCfg = Release|Any CPU
		{EE2A2825-2C94-4173-A669-2A88E5BE7BBD}.Release|Any CPU.Build.0 = Release|Any CPU
	EndGlobalSection
	GlobalSection(SolutionProperties) = preSolution
		HideSolutionNode = FALSE
	EndGlobalSection
	GlobalSection(ExtensibilityGlobals) = postSolution
		SolutionGuid = {EBF450EA-3181-413C-9715-FCF5A882D250}
	EndGlobalSection
EndGlobal
